// !$*UTF8*$!
{
	archiveVersion = 1;
	classes = {
	};
	objectVersion = 56;
	objects = {

/* Begin PBXBuildFile section */
		483B3EC62ABC4FAB0031F6F9 /* MacCardBackground.swift in Sources */ = {isa = PBXBuildFile; fileRef = 483B3EC52ABC4FAB0031F6F9 /* MacCardBackground.swift */; };
		483B3EC82ABC56960031F6F9 /* GridViewLayout.swift in Sources */ = {isa = PBXBuildFile; fileRef = 483B3EC72ABC56960031F6F9 /* GridViewLayout.swift */; };
		486E14F22AB882C8005D28A2 /* Macoun_SampleKitApp.swift in Sources */ = {isa = PBXBuildFile; fileRef = 486E14F12AB882C8005D28A2 /* Macoun_SampleKitApp.swift */; };
		486E14F42AB882C8005D28A2 /* ContentView.swift in Sources */ = {isa = PBXBuildFile; fileRef = 486E14F32AB882C8005D28A2 /* ContentView.swift */; };
		486E14F62AB882C8005D28A2 /* Assets.xcassets in Resources */ = {isa = PBXBuildFile; fileRef = 486E14F52AB882C8005D28A2 /* Assets.xcassets */; };
		486E15042AB885A9005D28A2 /* GridViewTypography.swift in Sources */ = {isa = PBXBuildFile; fileRef = 486E15032AB885A9005D28A2 /* GridViewTypography.swift */; };
		48A3A0522ABD9CC400DEEBBB /* README.md in Resources */ = {isa = PBXBuildFile; fileRef = 48A3A0512ABD9CC400DEEBBB /* README.md */; };
		48E100B02ABC9CDC008C9A25 /* GridViewHierarchy.swift in Sources */ = {isa = PBXBuildFile; fileRef = 48E100AF2ABC9CDC008C9A25 /* GridViewHierarchy.swift */; };
/* End PBXBuildFile section */

/* Begin PBXFileReference section */
		483B3EC52ABC4FAB0031F6F9 /* MacCardBackground.swift */ = {isa = PBXFileReference; lastKnownFileType = sourcecode.swift; path = MacCardBackground.swift; sourceTree = "<group>"; };
		483B3EC72ABC56960031F6F9 /* GridViewLayout.swift */ = {isa = PBXFileReference; lastKnownFileType = sourcecode.swift; path = GridViewLayout.swift; sourceTree = "<group>"; };
		486E14EE2AB882C8005D28A2 /* Macoun SampleKit.app */ = {isa = PBXFileReference; explicitFileType = wrapper.application; includeInIndex = 0; path = "Macoun SampleKit.app"; sourceTree = BUILT_PRODUCTS_DIR; };
		486E14F12AB882C8005D28A2 /* Macoun_SampleKitApp.swift */ = {isa = PBXFileReference; lastKnownFileType = sourcecode.swift; path = Macoun_SampleKitApp.swift; sourceTree = "<group>"; };
		486E14F32AB882C8005D28A2 /* ContentView.swift */ = {isa = PBXFileReference; lastKnownFileType = sourcecode.swift; path = ContentView.swift; sourceTree = "<group>"; };
		486E14F52AB882C8005D28A2 /* Assets.xcassets */ = {isa = PBXFileReference; lastKnownFileType = folder.assetcatalog; path = Assets.xcassets; sourceTree = "<group>"; };
		486E14F72AB882C8005D28A2 /* Macoun_SampleKit.entitlements */ = {isa = PBXFileReference; lastKnownFileType = text.plist.entitlements; path = Macoun_SampleKit.entitlements; sourceTree = "<group>"; };
		486E15032AB885A9005D28A2 /* GridViewTypography.swift */ = {isa = PBXFileReference; lastKnownFileType = sourcecode.swift; path = GridViewTypography.swift; sourceTree = "<group>"; };
		48A3A0512ABD9CC400DEEBBB /* README.md */ = {isa = PBXFileReference; fileEncoding = 4; lastKnownFileType = net.daringfireball.markdown; path = README.md; sourceTree = "<group>"; };
		48E100AF2ABC9CDC008C9A25 /* GridViewHierarchy.swift */ = {isa = PBXFileReference; lastKnownFileType = sourcecode.swift; path = GridViewHierarchy.swift; sourceTree = "<group>"; };
/* End PBXFileReference section */

/* Begin PBXFrameworksBuildPhase section */
		486E14EB2AB882C7005D28A2 /* Frameworks */ = {
			isa = PBXFrameworksBuildPhase;
			buildActionMask = 2147483647;
			files = (
			);
			runOnlyForDeploymentPostprocessing = 0;
		};
/* End PBXFrameworksBuildPhase section */

/* Begin PBXGroup section */
		486E14E52AB882C7005D28A2 = {
			isa = PBXGroup;
			children = (
				48A3A0512ABD9CC400DEEBBB /* README.md */,
				486E14F02AB882C8005D28A2 /* Macoun SampleKit */,
				486E14EF2AB882C8005D28A2 /* Products */,
			);
			sourceTree = "<group>";
		};
		486E14EF2AB882C8005D28A2 /* Products */ = {
			isa = PBXGroup;
			children = (
				486E14EE2AB882C8005D28A2 /* Macoun SampleKit.app */,
			);
			name = Products;
			sourceTree = "<group>";
		};
		486E14F02AB882C8005D28A2 /* Macoun SampleKit */ = {
			isa = PBXGroup;
			children = (
				486E14F72AB882C8005D28A2 /* Macoun_SampleKit.entitlements */,
				486E14F12AB882C8005D28A2 /* Macoun_SampleKitApp.swift */,
				486E14F32AB882C8005D28A2 /* ContentView.swift */,
				486E15022AB88304005D28A2 /* Views */,
				486E14F52AB882C8005D28A2 /* Assets.xcassets */,
			);
			path = "Macoun SampleKit";
			sourceTree = "<group>";
		};
		486E15022AB88304005D28A2 /* Views */ = {
			isa = PBXGroup;
			children = (
				48E100AF2ABC9CDC008C9A25 /* GridViewHierarchy.swift */,
				483B3EC72ABC56960031F6F9 /* GridViewLayout.swift */,
				486E15032AB885A9005D28A2 /* GridViewTypography.swift */,
				483B3EC52ABC4FAB0031F6F9 /* MacCardBackground.swift */,
			);
			path = Views;
			sourceTree = "<group>";
		};
/* End PBXGroup section */

/* Begin PBXNativeTarget section */
		486E14ED2AB882C7005D28A2 /* Macoun SampleKit */ = {
			isa = PBXNativeTarget;
			buildConfigurationList = 486E14FD2AB882C8005D28A2 /* Build configuration list for PBXNativeTarget "Macoun SampleKit" */;
			buildPhases = (
				486E14EA2AB882C7005D28A2 /* Sources */,
				486E14EB2AB882C7005D28A2 /* Frameworks */,
				486E14EC2AB882C7005D28A2 /* Resources */,
			);
			buildRules = (
			);
			dependencies = (
			);
			name = "Macoun SampleKit";
			productName = "Macoun SampleKit";
			productReference = 486E14EE2AB882C8005D28A2 /* Macoun SampleKit.app */;
			productType = "com.apple.product-type.application";
		};
/* End PBXNativeTarget section */

/* Begin PBXProject section */
		486E14E62AB882C7005D28A2 /* Project object */ = {
			isa = PBXProject;
			attributes = {
				BuildIndependentTargetsInParallel = 1;
				LastSwiftUpdateCheck = 1500;
				LastUpgradeCheck = 1500;
				TargetAttributes = {
					486E14ED2AB882C7005D28A2 = {
						CreatedOnToolsVersion = 15.0;
					};
				};
			};
			buildConfigurationList = 486E14E92AB882C7005D28A2 /* Build configuration list for PBXProject "Macoun SampleKit" */;
			compatibilityVersion = "Xcode 14.0";
			developmentRegion = en;
			hasScannedForEncodings = 0;
			knownRegions = (
				en,
				Base,
			);
			mainGroup = 486E14E52AB882C7005D28A2;
			productRefGroup = 486E14EF2AB882C8005D28A2 /* Products */;
			projectDirPath = "";
			projectRoot = "";
			targets = (
				486E14ED2AB882C7005D28A2 /* Macoun SampleKit */,
			);
		};
/* End PBXProject section */

/* Begin PBXResourcesBuildPhase section */
		486E14EC2AB882C7005D28A2 /* Resources */ = {
			isa = PBXResourcesBuildPhase;
			buildActionMask = 2147483647;
			files = (
				48A3A0522ABD9CC400DEEBBB /* README.md in Resources */,
				486E14F62AB882C8005D28A2 /* Assets.xcassets in Resources */,
			);
			runOnlyForDeploymentPostprocessing = 0;
		};
/* End PBXResourcesBuildPhase section */

/* Begin PBXSourcesBuildPhase section */
		486E14EA2AB882C7005D28A2 /* Sources */ = {
			isa = PBXSourcesBuildPhase;
			buildActionMask = 2147483647;
			files = (
				486E14F42AB882C8005D28A2 /* ContentView.swift in Sources */,
				483B3EC62ABC4FAB0031F6F9 /* MacCardBackground.swift in Sources */,
				486E14F22AB882C8005D28A2 /* Macoun_SampleKitApp.swift in Sources */,
				48E100B02ABC9CDC008C9A25 /* GridViewHierarchy.swift in Sources */,
				486E15042AB885A9005D28A2 /* GridViewTypography.swift in Sources */,
				483B3EC82ABC56960031F6F9 /* GridViewLayout.swift in Sources */,
			);
			runOnlyForDeploymentPostprocessing = 0;
		};
/* End PBXSourcesBuildPhase section */

/* Begin XCBuildConfiguration section */
		486E14FB2AB882C8005D28A2 /* Debug */ = {
			isa = XCBuildConfiguration;
			buildSettings = {
				ALWAYS_SEARCH_USER_PATHS = NO;
				ASSETCATALOG_COMPILER_GENERATE_SWIFT_ASSET_SYMBOL_EXTENSIONS = YES;
				CLANG_ANALYZER_NONNULL = YES;
				CLANG_ANALYZER_NUMBER_OBJECT_CONVERSION = YES_AGGRESSIVE;
				CLANG_CXX_LANGUAGE_STANDARD = "gnu++20";
				CLANG_ENABLE_MODULES = YES;
				CLANG_ENABLE_OBJC_ARC = YES;
				CLANG_ENABLE_OBJC_WEAK = YES;
				CLANG_WARN_BLOCK_CAPTURE_AUTORELEASING = YES;
				CLANG_WARN_BOOL_CONVERSION = YES;
				CLANG_WARN_COMMA = YES;
				CLANG_WARN_CONSTANT_CONVERSION = YES;
				CLANG_WARN_DEPRECATED_OBJC_IMPLEMENTATIONS = YES;
				CLANG_WARN_DIRECT_OBJC_ISA_USAGE = YES_ERROR;
				CLANG_WARN_DOCUMENTATION_COMMENTS = YES;
				CLANG_WARN_EMPTY_BODY = YES;
				CLANG_WARN_ENUM_CONVERSION = YES;
				CLANG_WARN_INFINITE_RECURSION = YES;
				CLANG_WARN_INT_CONVERSION = YES;
				CLANG_WARN_NON_LITERAL_NULL_CONVERSION = YES;
				CLANG_WARN_OBJC_IMPLICIT_RETAIN_SELF = YES;
				CLANG_WARN_OBJC_LITERAL_CONVERSION = YES;
				CLANG_WARN_OBJC_ROOT_CLASS = YES_ERROR;
				CLANG_WARN_QUOTED_INCLUDE_IN_FRAMEWORK_HEADER = YES;
				CLANG_WARN_RANGE_LOOP_ANALYSIS = YES;
				CLANG_WARN_STRICT_PROTOTYPES = YES;
				CLANG_WARN_SUSPICIOUS_MOVE = YES;
				CLANG_WARN_UNGUARDED_AVAILABILITY = YES_AGGRESSIVE;
				CLANG_WARN_UNREACHABLE_CODE = YES;
				CLANG_WARN__DUPLICATE_METHOD_MATCH = YES;
				COPY_PHASE_STRIP = NO;
				DEBUG_INFORMATION_FORMAT = dwarf;
				ENABLE_STRICT_OBJC_MSGSEND = YES;
				ENABLE_TESTABILITY = YES;
				ENABLE_USER_SCRIPT_SANDBOXING = YES;
				GCC_C_LANGUAGE_STANDARD = gnu17;
				GCC_DYNAMIC_NO_PIC = NO;
				GCC_NO_COMMON_BLOCKS = YES;
				GCC_OPTIMIZATION_LEVEL = 0;
				GCC_PREPROCESSOR_DEFINITIONS = (
					"DEBUG=1",
					"$(inherited)",
				);
				GCC_WARN_64_TO_32_BIT_CONVERSION = YES;
				GCC_WARN_ABOUT_RETURN_TYPE = YES_ERROR;
				GCC_WARN_UNDECLARED_SELECTOR = YES;
				GCC_WARN_UNINITIALIZED_AUTOS = YES_AGGRESSIVE;
				GCC_WARN_UNUSED_FUNCTION = YES;
				GCC_WARN_UNUSED_VARIABLE = YES;
				LOCALIZATION_PREFERS_STRING_CATALOGS = YES;
				MTL_ENABLE_DEBUG_INFO = INCLUDE_SOURCE;
				MTL_FAST_MATH = YES;
				ONLY_ACTIVE_ARCH = YES;
				SWIFT_ACTIVE_COMPILATION_CONDITIONS = "DEBUG $(inherited)";
				SWIFT_OPTIMIZATION_LEVEL = "-Onone";
			};
			name = Debug;
		};
		486E14FC2AB882C8005D28A2 /* Release */ = {
			isa = XCBuildConfiguration;
			buildSettings = {
				ALWAYS_SEARCH_USER_PATHS = NO;
				ASSETCATALOG_COMPILER_GENERATE_SWIFT_ASSET_SYMBOL_EXTENSIONS = YES;
				CLANG_ANALYZER_NONNULL = YES;
				CLANG_ANALYZER_NUMBER_OBJECT_CONVERSION = YES_AGGRESSIVE;
				CLANG_CXX_LANGUAGE_STANDARD = "gnu++20";
				CLANG_ENABLE_MODULES = YES;
				CLANG_ENABLE_OBJC_ARC = YES;
				CLANG_ENABLE_OBJC_WEAK = YES;
				CLANG_WARN_BLOCK_CAPTURE_AUTORELEASING = YES;
				CLANG_WARN_BOOL_CONVERSION = YES;
				CLANG_WARN_COMMA = YES;
				CLANG_WARN_CONSTANT_CONVERSION = YES;
				CLANG_WARN_DEPRECATED_OBJC_IMPLEMENTATIONS = YES;
				CLANG_WARN_DIRECT_OBJC_ISA_USAGE = YES_ERROR;
				CLANG_WARN_DOCUMENTATION_COMMENTS = YES;
				CLANG_WARN_EMPTY_BODY = YES;
				CLANG_WARN_ENUM_CONVERSION = YES;
				CLANG_WARN_INFINITE_RECURSION = YES;
				CLANG_WARN_INT_CONVERSION = YES;
				CLANG_WARN_NON_LITERAL_NULL_CONVERSION = YES;
				CLANG_WARN_OBJC_IMPLICIT_RETAIN_SELF = YES;
				CLANG_WARN_OBJC_LITERAL_CONVERSION = YES;
				CLANG_WARN_OBJC_ROOT_CLASS = YES_ERROR;
				CLANG_WARN_QUOTED_INCLUDE_IN_FRAMEWORK_HEADER = YES;
				CLANG_WARN_RANGE_LOOP_ANALYSIS = YES;
				CLANG_WARN_STRICT_PROTOTYPES = YES;
				CLANG_WARN_SUSPICIOUS_MOVE = YES;
				CLANG_WARN_UNGUARDED_AVAILABILITY = YES_AGGRESSIVE;
				CLANG_WARN_UNREACHABLE_CODE = YES;
				CLANG_WARN__DUPLICATE_METHOD_MATCH = YES;
				COPY_PHASE_STRIP = NO;
				DEBUG_INFORMATION_FORMAT = "dwarf-with-dsym";
				ENABLE_NS_ASSERTIONS = NO;
				ENABLE_STRICT_OBJC_MSGSEND = YES;
				ENABLE_USER_SCRIPT_SANDBOXING = YES;
				GCC_C_LANGUAGE_STANDARD = gnu17;
				GCC_NO_COMMON_BLOCKS = YES;
				GCC_WARN_64_TO_32_BIT_CONVERSION = YES;
				GCC_WARN_ABOUT_RETURN_TYPE = YES_ERROR;
				GCC_WARN_UNDECLARED_SELECTOR = YES;
				GCC_WARN_UNINITIALIZED_AUTOS = YES_AGGRESSIVE;
				GCC_WARN_UNUSED_FUNCTION = YES;
				GCC_WARN_UNUSED_VARIABLE = YES;
				LOCALIZATION_PREFERS_STRING_CATALOGS = YES;
				MTL_ENABLE_DEBUG_INFO = NO;
				MTL_FAST_MATH = YES;
				SWIFT_COMPILATION_MODE = wholemodule;
			};
			name = Release;
		};
		486E14FE2AB882C8005D28A2 /* Debug */ = {
			isa = XCBuildConfiguration;
			buildSettings = {
				ASSETCATALOG_COMPILER_APPICON_NAME = AppIcon;
				ASSETCATALOG_COMPILER_GLOBAL_ACCENT_COLOR_NAME = AccentColor;
				CODE_SIGN_ENTITLEMENTS = "Macoun SampleKit/Macoun_SampleKit.entitlements";
				CODE_SIGN_STYLE = Automatic;
				CURRENT_PROJECT_VERSION = 1;
				DEVELOPMENT_ASSET_PATHS = "";
				ENABLE_PREVIEWS = YES;
				GENERATE_INFOPLIST_FILE = YES;
				"INFOPLIST_KEY_UIApplicationSceneManifest_Generation[sdk=iphoneos*]" = YES;
				"INFOPLIST_KEY_UIApplicationSceneManifest_Generation[sdk=iphonesimulator*]" = YES;
				"INFOPLIST_KEY_UIApplicationSupportsIndirectInputEvents[sdk=iphoneos*]" = YES;
				"INFOPLIST_KEY_UIApplicationSupportsIndirectInputEvents[sdk=iphonesimulator*]" = YES;
				"INFOPLIST_KEY_UILaunchScreen_Generation[sdk=iphoneos*]" = YES;
				"INFOPLIST_KEY_UILaunchScreen_Generation[sdk=iphonesimulator*]" = YES;
				"INFOPLIST_KEY_UIStatusBarStyle[sdk=iphoneos*]" = UIStatusBarStyleDefault;
				"INFOPLIST_KEY_UIStatusBarStyle[sdk=iphonesimulator*]" = UIStatusBarStyleDefault;
				INFOPLIST_KEY_UISupportedInterfaceOrientations_iPad = "UIInterfaceOrientationPortrait UIInterfaceOrientationPortraitUpsideDown UIInterfaceOrientationLandscapeLeft UIInterfaceOrientationLandscapeRight";
				INFOPLIST_KEY_UISupportedInterfaceOrientations_iPhone = "UIInterfaceOrientationPortrait UIInterfaceOrientationLandscapeLeft UIInterfaceOrientationLandscapeRight";
				IPHONEOS_DEPLOYMENT_TARGET = 17.0;
				LD_RUNPATH_SEARCH_PATHS = "@executable_path/Frameworks";
				"LD_RUNPATH_SEARCH_PATHS[sdk=macosx*]" = "@executable_path/../Frameworks";
				MACOSX_DEPLOYMENT_TARGET = 13.5;
				MARKETING_VERSION = 1.0;
				PRODUCT_BUNDLE_IDENTIFIER = "de.alexkaessner.Macoun-SampleKit";
				PRODUCT_NAME = "$(TARGET_NAME)";
				SDKROOT = auto;
				SUPPORTED_PLATFORMS = "iphoneos iphonesimulator macosx";
				SWIFT_EMIT_LOC_STRINGS = YES;
				SWIFT_VERSION = 5.0;
				TARGETED_DEVICE_FAMILY = "1,2";
			};
			name = Debug;
		};
		486E14FF2AB882C8005D28A2 /* Release */ = {
			isa = XCBuildConfiguration;
			buildSettings = {
				ASSETCATALOG_COMPILER_APPICON_NAME = AppIcon;
				ASSETCATALOG_COMPILER_GLOBAL_ACCENT_COLOR_NAME = AccentColor;
				CODE_SIGN_ENTITLEMENTS = "Macoun SampleKit/Macoun_SampleKit.entitlements";
				CODE_SIGN_STYLE = Automatic;
				CURRENT_PROJECT_VERSION = 1;
				DEVELOPMENT_ASSET_PATHS = "";
				ENABLE_PREVIEWS = YES;
				GENERATE_INFOPLIST_FILE = YES;
				"INFOPLIST_KEY_UIApplicationSceneManifest_Generation[sdk=iphoneos*]" = YES;
				"INFOPLIST_KEY_UIApplicationSceneManifest_Generation[sdk=iphonesimulator*]" = YES;
				"INFOPLIST_KEY_UIApplicationSupportsIndirectInputEvents[sdk=iphoneos*]" = YES;
				"INFOPLIST_KEY_UIApplicationSupportsIndirectInputEvents[sdk=iphonesimulator*]" = YES;
				"INFOPLIST_KEY_UILaunchScreen_Generation[sdk=iphoneos*]" = YES;
				"INFOPLIST_KEY_UILaunchScreen_Generation[sdk=iphonesimulator*]" = YES;
				"INFOPLIST_KEY_UIStatusBarStyle[sdk=iphoneos*]" = UIStatusBarStyleDefault;
				"INFOPLIST_KEY_UIStatusBarStyle[sdk=iphonesimulator*]" = UIStatusBarStyleDefault;
				INFOPLIST_KEY_UISupportedInterfaceOrientations_iPad = "UIInterfaceOrientationPortrait UIInterfaceOrientationPortraitUpsideDown UIInterfaceOrientationLandscapeLeft UIInterfaceOrientationLandscapeRight";
				INFOPLIST_KEY_UISupportedInterfaceOrientations_iPhone = "UIInterfaceOrientationPortrait UIInterfaceOrientationLandscapeLeft UIInterfaceOrientationLandscapeRight";
				IPHONEOS_DEPLOYMENT_TARGET = 17.0;
				LD_RUNPATH_SEARCH_PATHS = "@executable_path/Frameworks";
				"LD_RUNPATH_SEARCH_PATHS[sdk=macosx*]" = "@executable_path/../Frameworks";
				MACOSX_DEPLOYMENT_TARGET = 13.5;
				MARKETING_VERSION = 1.0;
				PRODUCT_BUNDLE_IDENTIFIER = "de.alexkaessner.Macoun-SampleKit";
				PRODUCT_NAME = "$(TARGET_NAME)";
				SDKROOT = auto;
				SUPPORTED_PLATFORMS = "iphoneos iphonesimulator macosx";
				SWIFT_EMIT_LOC_STRINGS = YES;
				SWIFT_VERSION = 5.0;
				TARGETED_DEVICE_FAMILY = "1,2";
			};
			name = Release;
		};
/* End XCBuildConfiguration section */

/* Begin XCConfigurationList section */
		486E14E92AB882C7005D28A2 /* Build configuration list for PBXProject "Macoun SampleKit" */ = {
			isa = XCConfigurationList;
			buildConfigurations = (
				486E14FB2AB882C8005D28A2 /* Debug */,
				486E14FC2AB882C8005D28A2 /* Release */,
			);
			defaultConfigurationIsVisible = 0;
			defaultConfigurationName = Release;
		};
		486E14FD2AB882C8005D28A2 /* Build configuration list for PBXNativeTarget "Macoun SampleKit" */ = {
			isa = XCConfigurationList;
			buildConfigurations = (
				486E14FE2AB882C8005D28A2 /* Debug */,
				486E14FF2AB882C8005D28A2 /* Release */,
			);
			defaultConfigurationIsVisible = 0;
			defaultConfigurationName = Release;
		};
/* End XCConfigurationList section */
	};
	rootObject = 486E14E62AB882C7005D28A2 /* Project object */;
}
